{
  "requires": true,
  "lockfileVersion": 1,
  "dependencies": {
    "jade-bootstrap": {
      "version": "1.0.14",
      "resolved": "https://registry.npmjs.org/jade-bootstrap/-/jade-bootstrap-1.0.14.tgz",
      "integrity": "sha512-Tl8Us4JaMODiVP5iQ3/aJ6aNQGDudpZAYq5UjDFZKTr1Ly//x+WL5K3K0RXxGe8HSjuNDpJWDZUe+goNg0h+gA=="
    }
  }
}
